
Microsoft Visual Studio Solution File, Format Version 12.00
# Visual Studio Version 16
VisualStudioVersion = 16.0.31424.327
MinimumVisualStudioVersion = 10.0.40219.1
Project("{FAE04EC0-301F-11D3-BF4B-00C04F79EFBC}") = "ApiConNetCore", "ApiConNetCore.csproj", "{5827318D-AF8A-496F-920B-CBC6EE3E6906}"
EndProject
Global
	GlobalSection(SolutionConfigurationPlatforms) = preSolution
		Debug|Any CPU = Debug|Any CPU
		Release|Any CPU = Release|Any CPU
	EndGlobalSection
	GlobalSection(ProjectConfigurationPlatforms) = postSolution
		{5827318D-AF8A-496F-920B-CBC6EE3E6906}.Debug|Any CPU.ActiveCfg = Debug|Any CPU
		{5827318D-AF8A-496F-920B-CBC6EE3E6906}.Debug|Any CPU.Build.0 = Debug|Any CPU
		{5827318D-AF8A-496F-920B-CBC6EE3E6906}.Release|Any CPU.ActiveCfg = Release|Any CPU
		{5827318D-AF8A-496F-920B-CBC6EE3E6906}.Release|Any CPU.Build.0 = Release|Any CPU
	EndGlobalSection
	GlobalSection(SolutionProperties) = preSolution
		HideSolutionNode = FALSE
	EndGlobalSection
	GlobalSection(ExtensibilityGlobals) = postSolution
		SolutionGuid = {60FC4425-3B29-438D-B408-B4DAFC81A8E8}
	EndGlobalSection
EndGlobal
